
Microsoft Visual Studio Solution File, Format Version 12.00
# Visual Studio Version 17
VisualStudioVersion = 17.14.36414.22 d17.14
MinimumVisualStudioVersion = 10.0.40219.1
Project("{FAE04EC0-301F-11D3-BF4B-00C04F79EFBC}") = "QuanLyBanGiay", "QuanLyBanGiay\QuanLyBanGiay.csproj", "{C4AA5C74-AECA-4148-8D47-9858E07A08D8}"
EndProject
Global
	GlobalSection(SolutionConfigurationPlatforms) = preSolution
		Debug|Any CPU = Debug|Any CPU
		Release|Any CPU = Release|Any CPU
	EndGlobalSection
	GlobalSection(ProjectConfigurationPlatforms) = postSolution
		{C4AA5C74-AECA-4148-8D47-9858E07A08D8}.Debug|Any CPU.ActiveCfg = Debug|Any CPU
		{C4AA5C74-AECA-4148-8D47-9858E07A08D8}.Debug|Any CPU.Build.0 = Debug|Any CPU
		{C4AA5C74-AECA-4148-8D47-9858E07A08D8}.Release|Any CPU.ActiveCfg = Release|Any CPU
		{C4AA5C74-AECA-4148-8D47-9858E07A08D8}.Release|Any CPU.Build.0 = Release|Any CPU
	EndGlobalSection
	GlobalSection(SolutionProperties) = preSolution
		HideSolutionNode = FALSE
	EndGlobalSection
	GlobalSection(ExtensibilityGlobals) = postSolution
		SolutionGuid = {CAEC8856-DD29-41B2-87AE-8C319FBD0953}
	EndGlobalSection
EndGlobal
